
Microsoft Visual Studio Solution File, Format Version 12.00
# Visual Studio Version 17
VisualStudioVersion = 17.0.31903.59
MinimumVisualStudioVersion = 10.0.40219.1
Project("{2150E333-8FDC-42A3-9474-1A3956D46DE8}") = "backend", "backend", "{C2207808-3C1F-4C4F-B5A8-FB49158E04F7}"
EndProject
Project("{FAE04EC0-301F-11D3-BF4B-00C04F79EFBC}") = "SuperChess.Api", "backend\SuperChess.Api\SuperChess.Api.csproj", "{A629359F-DD96-47C4-96EC-B5912507ED32}"
EndProject
Global
	GlobalSection(SolutionConfigurationPlatforms) = preSolution
		Debug|Any CPU = Debug|Any CPU
		Release|Any CPU = Release|Any CPU
	EndGlobalSection
	GlobalSection(SolutionProperties) = preSolution
		HideSolutionNode = FALSE
	EndGlobalSection
	GlobalSection(ProjectConfigurationPlatforms) = postSolution
		{A629359F-DD96-47C4-96EC-B5912507ED32}.Debug|Any CPU.ActiveCfg = Debug|Any CPU
		{A629359F-DD96-47C4-96EC-B5912507ED32}.Debug|Any CPU.Build.0 = Debug|Any CPU
		{A629359F-DD96-47C4-96EC-B5912507ED32}.Release|Any CPU.ActiveCfg = Release|Any CPU
		{A629359F-DD96-47C4-96EC-B5912507ED32}.Release|Any CPU.Build.0 = Release|Any CPU
	EndGlobalSection
	GlobalSection(NestedProjects) = preSolution
		{A629359F-DD96-47C4-96EC-B5912507ED32} = {C2207808-3C1F-4C4F-B5A8-FB49158E04F7}
	EndGlobalSection
EndGlobal
